
Microsoft Visual Studio Solution File, Format Version 12.00
# Visual Studio Version 17
VisualStudioVersion = 17.2.32526.322
MinimumVisualStudioVersion = 10.0.40219.1
Project("{FAE04EC0-301F-11D3-BF4B-00C04F79EFBC}") = "MessageContracts", "MessageContracts\MessageContracts.csproj", "{63A9DC2A-8F67-4E76-9F90-829AAD97E65A}"
EndProject
Project("{FAE04EC0-301F-11D3-BF4B-00C04F79EFBC}") = "WebApi", "WebApi\WebApi.csproj", "{4F46B87E-49B2-4E3B-A8B6-F8FD209DA9ED}"
EndProject
Project("{FAE04EC0-301F-11D3-BF4B-00C04F79EFBC}") = "OrderService", "OrderService\OrderService.csproj", "{C41311D9-E660-4425-BBE2-D2341B13C715}"
EndProject
Project("{FAE04EC0-301F-11D3-BF4B-00C04F79EFBC}") = "Notification", "Notification\Notification.csproj", "{7856CBFA-6470-40BE-AD3C-D5457A2D78DD}"
EndProject
Project("{FAE04EC0-301F-11D3-BF4B-00C04F79EFBC}") = "Billing", "Billing\Billing.csproj", "{67B23E4E-E916-4A86-B087-48FAE6EB559D}"
EndProject
Global
	GlobalSection(SolutionConfigurationPlatforms) = preSolution
		Debug|Any CPU = Debug|Any CPU
		Release|Any CPU = Release|Any CPU
	EndGlobalSection
	GlobalSection(ProjectConfigurationPlatforms) = postSolution
		{63A9DC2A-8F67-4E76-9F90-829AAD97E65A}.Debug|Any CPU.ActiveCfg = Debug|Any CPU
		{63A9DC2A-8F67-4E76-9F90-829AAD97E65A}.Debug|Any CPU.Build.0 = Debug|Any CPU
		{63A9DC2A-8F67-4E76-9F90-829AAD97E65A}.Release|Any CPU.ActiveCfg = Release|Any CPU
		{63A9DC2A-8F67-4E76-9F90-829AAD97E65A}.Release|Any CPU.Build.0 = Release|Any CPU
		{4F46B87E-49B2-4E3B-A8B6-F8FD209DA9ED}.Debug|Any CPU.ActiveCfg = Debug|Any CPU
		{4F46B87E-49B2-4E3B-A8B6-F8FD209DA9ED}.Debug|Any CPU.Build.0 = Debug|Any CPU
		{4F46B87E-49B2-4E3B-A8B6-F8FD209DA9ED}.Release|Any CPU.ActiveCfg = Release|Any CPU
		{4F46B87E-49B2-4E3B-A8B6-F8FD209DA9ED}.Release|Any CPU.Build.0 = Release|Any CPU
		{C41311D9-E660-4425-BBE2-D2341B13C715}.Debug|Any CPU.ActiveCfg = Debug|Any CPU
		{C41311D9-E660-4425-BBE2-D2341B13C715}.Debug|Any CPU.Build.0 = Debug|Any CPU
		{C41311D9-E660-4425-BBE2-D2341B13C715}.Release|Any CPU.ActiveCfg = Release|Any CPU
		{C41311D9-E660-4425-BBE2-D2341B13C715}.Release|Any CPU.Build.0 = Release|Any CPU
		{7856CBFA-6470-40BE-AD3C-D5457A2D78DD}.Debug|Any CPU.ActiveCfg = Debug|Any CPU
		{7856CBFA-6470-40BE-AD3C-D5457A2D78DD}.Debug|Any CPU.Build.0 = Debug|Any CPU
		{7856CBFA-6470-40BE-AD3C-D5457A2D78DD}.Release|Any CPU.ActiveCfg = Release|Any CPU
		{7856CBFA-6470-40BE-AD3C-D5457A2D78DD}.Release|Any CPU.Build.0 = Release|Any CPU
		{67B23E4E-E916-4A86-B087-48FAE6EB559D}.Debug|Any CPU.ActiveCfg = Debug|Any CPU
		{67B23E4E-E916-4A86-B087-48FAE6EB559D}.Debug|Any CPU.Build.0 = Debug|Any CPU
		{67B23E4E-E916-4A86-B087-48FAE6EB559D}.Release|Any CPU.ActiveCfg = Release|Any CPU
		{67B23E4E-E916-4A86-B087-48FAE6EB559D}.Release|Any CPU.Build.0 = Release|Any CPU
	EndGlobalSection
	GlobalSection(SolutionProperties) = preSolution
		HideSolutionNode = FALSE
	EndGlobalSection
	GlobalSection(ExtensibilityGlobals) = postSolution
		SolutionGuid = {12991ABF-CDCC-44B2-84BA-79223868E5E0}
	EndGlobalSection
EndGlobal
